hash: ce02622482d3eeb96b67133b26a0d4a0595a9f6a71e40996564a130a8ad51273
updated: 2018-08-24T14:35:04.845254155-06:00
imports:
- name: github.com/dgrijalva/jwt-go
  version: 06ea1031745cb8b3dab3f6a236daf2b0aa468b7e
- name: github.com/gorilla/context
  version: 08b5f424b9271eedf6f9f0ce86cb9396ed337a42
- name: github.com/gorilla/securecookie
  version: 78f3d318a8bf316cda921f25e96fd0b441c5173d
- name: github.com/gorilla/sessions
  version: 03b6f63cc43ef9c7240a635a5e22b13180e822b8
- name: github.com/mattn/go-sqlite3
  version: 25ecb14adfc7543176f7d85291ec7dba82c6f7e4
- name: github.com/microcosm-cc/bluemonday
  version: 82c7118e8ccf7403d4860175d97bb635e8e28239
- name: github.com/russross/blackfriday
  version: 46c73eb196baff5bb07288f245b223bd1a30fba6
- name: github.com/sergi/go-diff
  version: da645544ed44df016359bd4c0e3dc60ee3a0da43
  subpackages:
  - diffmatchpatch
- name: github.com/shurcooL/github_flavored_markdown
  version: 8913699a52e3aa02aa96387098e0004bb84aacf0
- name: github.com/shurcooL/highlight_diff
  version: 09bb4053de1b1d872a9f25dc21378fa71dca4e4e
- name: github.com/shurcooL/highlight_go
  version: 78fb10f4a5f89e812a5e26ab723b954a51226086
- name: github.com/shurcooL/octicon
  version: c42b0e3b24d96976ecac81ef691662777b39ef64
- name: github.com/shurcooL/sanitized_anchor_name
  version: 86672fcb3f950f35f2e675df2240550f2a50762f
- name: github.com/sourcegraph/annotate
  version: f4cad6c6324d3f584e1743d8b3e0e017a5f3a636
- name: github.com/sourcegraph/syntaxhighlight
  version: bd320f5d308e1a3c4314c678d8227a0d72574ae7
- name: golang.org/x/net
  version: 4bcd98cce591d8c7061bf313d7a3cbad05b58549
  subpackages:
  - html
  - html/atom
testImports: []
